# THIS IS AN AUTOGENERATED FILE. DO NOT EDIT THIS FILE DIRECTLY.
# yarn lockfile v1


"@ant-design/colors@^6.0.0":
  "integrity" "sha512-qAZRvPzfdWHtfameEGP2Qvuf838NhergR35o+EuVyB5XvSA98xod5r4utvi4TJ3ywmevm290g9nsCG5MryrdWQ=="
  "resolved" "https://registry.npmmirror.com/@ant-design/colors/-/colors-6.0.0.tgz"
  "version" "6.0.0"
  dependencies:
    "@ctrl/tinycolor" "^3.4.0"

"@ant-design/icons-svg@^4.2.1":
  "integrity" "sha512-4QBZg8ccyC6LPIRii7A0bZUk3+lEDCLnhB+FVsflGdcWPPmV+j3fire4AwwoqHV/BibgvBmR9ZIo4s867smv+g=="
  "resolved" "https://registry.npmmirror.com/@ant-design/icons-svg/-/icons-svg-4.3.1.tgz"
  "version" "4.3.1"

"@ant-design/icons-vue@^7.0.0":
  "integrity" "sha512-eCqY2unfZK6Fe02AwFlDHLfoyEFreP6rBwAZMIJ1LugmfMiVgwWDYlp1YsRugaPtICYOabV1iWxXdP12u9U43Q=="
  "resolved" "https://registry.npmmirror.com/@ant-design/icons-vue/-/icons-vue-7.0.1.tgz"
  "version" "7.0.1"
  dependencies:
    "@ant-design/colors" "^6.0.0"
    "@ant-design/icons-svg" "^4.2.1"

"@babel/parser@^7.23.5":
  "integrity" "sha512-Z2uID7YJ7oNvAI20O9X0bblw7Qqs8Q2hFy0R9tAfnfLkp5MW0UH9eUvnDSnFwKZ0AvgS1ucqR4KzvVHgnke1VQ=="
  "resolved" "https://registry.npmmirror.com/@babel/parser/-/parser-7.23.6.tgz"
  "version" "7.23.6"

"@babel/runtime@^7.10.5":
  "integrity" "sha512-zHd0eUrf5GZoOWVCXp6koAKQTfZV07eit6bGPmJgnZdnSAvvZee6zniW2XMF7Cmc4ISOOnPy3QaSiIJGJkVEDQ=="
  "resolved" "https://registry.npmmirror.com/@babel/runtime/-/runtime-7.23.6.tgz"
  "version" "7.23.6"
  dependencies:
    "regenerator-runtime" "^0.14.0"

"@ctrl/tinycolor@^3.4.0", "@ctrl/tinycolor@^3.5.0":
  "integrity" "sha512-SITSV6aIXsuVNV3f3O0f2n/cgyEDWoSqtZMYiAmcsYHydcKrOz3gUxB/iXd/Qf08+IZX4KpgNbvUdMBmWz+kcA=="
  "resolved" "https://registry.npmmirror.com/@ctrl/tinycolor/-/tinycolor-3.6.1.tgz"
  "version" "3.6.1"

"@emotion/hash@^0.9.0":
  "integrity" "sha512-gJB6HLm5rYwSLI6PQa+X1t5CFGrv1J1TWG+sOyMCeKz2ojaj6Fnl/rZEspogG+cvqbt4AE/2eIyD2QfLKTBNlQ=="
  "resolved" "https://registry.npmmirror.com/@emotion/hash/-/hash-0.9.1.tgz"
  "version" "0.9.1"

"@emotion/unitless@^0.8.0":
  "integrity" "sha512-KOEGMu6dmJZtpadb476IsZBclKvILjopjUii3V+7MnXIQCYh8W3NgNcgwo21n9LXZX6EDIKvqfjYxXebDwxKmQ=="
  "resolved" "https://registry.npmmirror.com/@emotion/unitless/-/unitless-0.8.1.tgz"
  "version" "0.8.1"

"@jridgewell/sourcemap-codec@^1.4.15":
  "integrity" "sha512-eF2rxCRulEKXHTRiDrDy6erMYWqNw4LPdQ8UQA4huuxaQsVeRPFl2oM8oDGxMFhJUWZf9McpLtJasDDZb/Bpeg=="
  "resolved" "https://registry.npmmirror.com/@jridgewell/sourcemap-codec/-/sourcemap-codec-1.4.15.tgz"
  "version" "1.4.15"

"@simonwep/pickr@~1.8.0":
  "integrity" "sha512-/l5w8BIkrpP6n1xsetx9MWPWlU6OblN5YgZZphxan0Tq4BByTCETL6lyIeY8lagalS2Nbt4F2W034KHLIiunKA=="
  "resolved" "https://registry.npmmirror.com/@simonwep/pickr/-/pickr-1.8.2.tgz"
  "version" "1.8.2"
  dependencies:
    "core-js" "^3.15.1"
    "nanopop" "^2.1.0"

"@vitejs/plugin-vue@^3.0.3":
  "integrity" "sha512-E0tnaL4fr+qkdCNxJ+Xd0yM31UwMkQje76fsDVBBUCoGOUPexu2VDUYHL8P4CwV+zMvWw6nlRw19OnRKmYAJpw=="
  "resolved" "https://registry.npmmirror.com/@vitejs/plugin-vue/-/plugin-vue-3.2.0.tgz"
  "version" "3.2.0"

"@vue/compiler-core@3.3.11":
  "integrity" "sha512-h97/TGWBilnLuRaj58sxNrsUU66fwdRKLOLQ9N/5iNDfp+DZhYH9Obhe0bXxhedl8fjAgpRANpiZfbgWyruQ0w=="
  "resolved" "https://registry.npmmirror.com/@vue/compiler-core/-/compiler-core-3.3.11.tgz"
  "version" "3.3.11"
  dependencies:
    "@babel/parser" "^7.23.5"
    "@vue/shared" "3.3.11"
    "estree-walker" "^2.0.2"
    "source-map-js" "^1.0.2"

"@vue/compiler-dom@3.3.11":
  "integrity" "sha512-zoAiUIqSKqAJ81WhfPXYmFGwDRuO+loqLxvXmfUdR5fOitPoUiIeFI9cTTyv9MU5O1+ZZglJVTusWzy+wfk5hw=="
  "resolved" "https://registry.npmmirror.com/@vue/compiler-dom/-/compiler-dom-3.3.11.tgz"
  "version" "3.3.11"
  dependencies:
    "@vue/compiler-core" "3.3.11"
    "@vue/shared" "3.3.11"

"@vue/compiler-sfc@3.3.11":
  "integrity" "sha512-U4iqPlHO0KQeK1mrsxCN0vZzw43/lL8POxgpzcJweopmqtoYy9nljJzWDIQS3EfjiYhfdtdk9Gtgz7MRXnz3GA=="
  "resolved" "https://registry.npmmirror.com/@vue/compiler-sfc/-/compiler-sfc-3.3.11.tgz"
  "version" "3.3.11"
  dependencies:
    "@babel/parser" "^7.23.5"
    "@vue/compiler-core" "3.3.11"
    "@vue/compiler-dom" "3.3.11"
    "@vue/compiler-ssr" "3.3.11"
    "@vue/reactivity-transform" "3.3.11"
    "@vue/shared" "3.3.11"
    "estree-walker" "^2.0.2"
    "magic-string" "^0.30.5"
    "postcss" "^8.4.32"
    "source-map-js" "^1.0.2"

"@vue/compiler-ssr@3.3.11":
  "integrity" "sha512-Zd66ZwMvndxRTgVPdo+muV4Rv9n9DwQ4SSgWWKWkPFebHQfVYRrVjeygmmDmPewsHyznCNvJ2P2d6iOOhdv8Qg=="
  "resolved" "https://registry.npmmirror.com/@vue/compiler-ssr/-/compiler-ssr-3.3.11.tgz"
  "version" "3.3.11"
  dependencies:
    "@vue/compiler-dom" "3.3.11"
    "@vue/shared" "3.3.11"

"@vue/reactivity-transform@3.3.11":
  "integrity" "sha512-fPGjH0wqJo68A0wQ1k158utDq/cRyZNlFoxGwNScE28aUFOKFEnCBsvyD8jHn+0kd0UKVpuGuaZEQ6r9FJRqCg=="
  "resolved" "https://registry.npmmirror.com/@vue/reactivity-transform/-/reactivity-transform-3.3.11.tgz"
  "version" "3.3.11"
  dependencies:
    "@babel/parser" "^7.23.5"
    "@vue/compiler-core" "3.3.11"
    "@vue/shared" "3.3.11"
    "estree-walker" "^2.0.2"
    "magic-string" "^0.30.5"

"@vue/reactivity@3.3.11":
  "integrity" "sha512-D5tcw091f0nuu+hXq5XANofD0OXnBmaRqMYl5B3fCR+mX+cXJIGNw/VNawBqkjLNWETrFW0i+xH9NvDbTPVh7g=="
  "resolved" "https://registry.npmmirror.com/@vue/reactivity/-/reactivity-3.3.11.tgz"
  "version" "3.3.11"
  dependencies:
    "@vue/shared" "3.3.11"

"@vue/runtime-core@3.3.11":
  "integrity" "sha512-g9ztHGwEbS5RyWaOpXuyIVFTschclnwhqEbdy5AwGhYOgc7m/q3NFwr50MirZwTTzX55JY8pSkeib9BX04NIpw=="
  "resolved" "https://registry.npmmirror.com/@vue/runtime-core/-/runtime-core-3.3.11.tgz"
  "version" "3.3.11"
  dependencies:
    "@vue/reactivity" "3.3.11"
    "@vue/shared" "3.3.11"

"@vue/runtime-dom@3.3.11":
  "integrity" "sha512-OlhtV1PVpbgk+I2zl+Y5rQtDNcCDs12rsRg71XwaA2/Rbllw6mBLMi57VOn8G0AjOJ4Mdb4k56V37+g8ukShpQ=="
  "resolved" "https://registry.npmmirror.com/@vue/runtime-dom/-/runtime-dom-3.3.11.tgz"
  "version" "3.3.11"
  dependencies:
    "@vue/runtime-core" "3.3.11"
    "@vue/shared" "3.3.11"
    "csstype" "^3.1.2"

"@vue/server-renderer@3.3.11":
  "integrity" "sha512-AIWk0VwwxCAm4wqtJyxBylRTXSy1wCLOKbWxHaHiu14wjsNYtiRCSgVuqEPVuDpErOlRdNnuRgipQfXRLjLN5A=="
  "resolved" "https://registry.npmmirror.com/@vue/server-renderer/-/server-renderer-3.3.11.tgz"
  "version" "3.3.11"
  dependencies:
    "@vue/compiler-ssr" "3.3.11"
    "@vue/shared" "3.3.11"

"@vue/shared@3.3.11":
  "integrity" "sha512-u2G8ZQ9IhMWTMXaWqZycnK4UthG1fA238CD+DP4Dm4WJi5hdUKKLg0RMRaRpDPNMdkTwIDkp7WtD0Rd9BH9fLw=="
  "resolved" "https://registry.npmmirror.com/@vue/shared/-/shared-3.3.11.tgz"
  "version" "3.3.11"

"ant-design-vue@4.x":
  "integrity" "sha512-oHTtc1GZkfENZTkt2aDvjaD4yoRsowYvCOmxA6+5AGqm5uz/datdJOXsq9nokIhC+vrAMhk6JQVFZ2hh7eU6Pw=="
  "resolved" "https://registry.npmmirror.com/ant-design-vue/-/ant-design-vue-4.0.7.tgz"
  "version" "4.0.7"
  dependencies:
    "@ant-design/colors" "^6.0.0"
    "@ant-design/icons-vue" "^7.0.0"
    "@babel/runtime" "^7.10.5"
    "@ctrl/tinycolor" "^3.5.0"
    "@emotion/hash" "^0.9.0"
    "@emotion/unitless" "^0.8.0"
    "@simonwep/pickr" "~1.8.0"
    "array-tree-filter" "^2.1.0"
    "async-validator" "^4.0.0"
    "csstype" "^3.1.1"
    "dayjs" "^1.10.5"
    "dom-align" "^1.12.1"
    "dom-scroll-into-view" "^2.0.0"
    "lodash" "^4.17.21"
    "lodash-es" "^4.17.15"
    "resize-observer-polyfill" "^1.5.1"
    "scroll-into-view-if-needed" "^2.2.25"
    "shallow-equal" "^1.0.0"
    "stylis" "^4.1.3"
    "throttle-debounce" "^5.0.0"
    "vue-types" "^3.0.0"
    "warning" "^4.0.0"

"array-tree-filter@^2.1.0":
  "integrity" "sha512-4ROwICNlNw/Hqa9v+rk5h22KjmzB1JGTMVKP2AKJBOCgb0yL0ASf0+YvCcLNNwquOHNX48jkeZIJ3a+oOQqKcw=="
  "resolved" "https://registry.npmmirror.com/array-tree-filter/-/array-tree-filter-2.1.0.tgz"
  "version" "2.1.0"

"async-validator@^4.0.0":
  "integrity" "sha512-7HhHjtERjqlNbZtqNqy2rckN/SpOOlmDliet+lP7k+eKZEjPk3DgyeU9lIXLdeLz0uBbbVp+9Qdow9wJWgwwfg=="
  "resolved" "https://registry.npmmirror.com/async-validator/-/async-validator-4.2.5.tgz"
  "version" "4.2.5"

"call-bind@^1.0.0":
  "integrity" "sha512-C3nQxfFZxFRVoJoGKKI8y3MOEo129NQ+FgQ08iye+Mk4zNZZGdjfs06bVTr+DBSlA66Q2VEcMki/cUCP4SercQ=="
  "resolved" "https://registry.npmjs.org/call-bind/-/call-bind-1.0.5.tgz"
  "version" "1.0.5"
  dependencies:
    "function-bind" "^1.1.2"
    "get-intrinsic" "^1.2.1"
    "set-function-length" "^1.1.1"

"compute-scroll-into-view@^1.0.20":
  "integrity" "sha512-UCB0ioiyj8CRjtrvaceBLqqhZCVP+1B8+NWQhmdsm0VXOJtobBCf1dBQmebCCo34qZmUwZfIH2MZLqNHazrfjg=="
  "resolved" "https://registry.npmmirror.com/compute-scroll-into-view/-/compute-scroll-into-view-1.0.20.tgz"
  "version" "1.0.20"

"core-js@^3.15.1":
  "integrity" "sha512-aDdvlDder8QmY91H88GzNi9EtQi2TjvQhpCX6B1v/dAZHU1AuLgHvRh54RiOerpEhEW46Tkf+vgAViB/CWC0ag=="
  "resolved" "https://registry.npmmirror.com/core-js/-/core-js-3.34.0.tgz"
  "version" "3.34.0"

"csstype@^3.1.1", "csstype@^3.1.2":
  "integrity" "sha512-M1uQkMl8rQK/szD0LNhtqxIPLpimGm8sOBwU7lLnCpSbTyY3yeU1Vc7l4KT5zT4s/yOxHH5O7tIuuLOCnLADRw=="
  "resolved" "https://registry.npmmirror.com/csstype/-/csstype-3.1.3.tgz"
  "version" "3.1.3"

"dayjs@^1.10.5":
  "integrity" "sha512-vjAczensTgRcqDERK0SR2XMwsF/tSvnvlv6VcF2GIhg6Sx4yOIt/irsr1RDJsKiIyBzJDpCoXiWWq28MqH2cnQ=="
  "resolved" "https://registry.npmmirror.com/dayjs/-/dayjs-1.11.10.tgz"
  "version" "1.11.10"

"define-data-property@^1.1.1":
  "integrity" "sha512-E7uGkTzkk1d0ByLeSc6ZsFS79Axg+m1P/VsgYsxHgiuc3tFSj+MjMIwe90FC4lOAZzNBdY7kkO2P2wKdsQ1vgQ=="
  "resolved" "https://registry.npmjs.org/define-data-property/-/define-data-property-1.1.1.tgz"
  "version" "1.1.1"
  dependencies:
    "get-intrinsic" "^1.2.1"
    "gopd" "^1.0.1"
    "has-property-descriptors" "^1.0.0"

"dom-align@^1.12.1":
  "integrity" "sha512-R8LUSEay/68zE5c8/3BDxiTEvgb4xZTF0RKmAHfiEVN3klfIpXfi2/QCoiWPccVQ0J/ZGdz9OjzL4uJEP/MRAw=="
  "resolved" "https://registry.npmmirror.com/dom-align/-/dom-align-1.12.4.tgz"
  "version" "1.12.4"

"dom-scroll-into-view@^2.0.0":
  "integrity" "sha512-bvVTQe1lfaUr1oFzZX80ce9KLDlZ3iU+XGNE/bz9HnGdklTieqsbmsLHe+rT2XWqopvL0PckkYqN7ksmm5pe3w=="
  "resolved" "https://registry.npmmirror.com/dom-scroll-into-view/-/dom-scroll-into-view-2.0.1.tgz"
  "version" "2.0.1"

"encoding@^0.1.11":
  "integrity" "sha512-ETBauow1T35Y/WZMkio9jiM0Z5xjHHmJ4XmjZOq1l/dXz3lr2sRn87nJy20RupqSh1F2m3HHPSp8ShIPQJrJ3A=="
  "resolved" "https://registry.npmjs.org/encoding/-/encoding-0.1.13.tgz"
  "version" "0.1.13"
  dependencies:
    "iconv-lite" "^0.6.2"

"esbuild-darwin-64@0.15.18":
  "integrity" "sha512-2WAvs95uPnVJPuYKP0Eqx+Dl/jaYseZEUUT1sjg97TJa4oBtbAKnPnl3b5M9l51/nbx7+QAEtuummJZW0sBEmg=="
  "resolved" "https://registry.npmmirror.com/esbuild-darwin-64/-/esbuild-darwin-64-0.15.18.tgz"
  "version" "0.15.18"

"esbuild@^0.15.9":
  "integrity" "sha512-x/R72SmW3sSFRm5zrrIjAhCeQSAWoni3CmHEqfQrZIQTM3lVCdehdwuIqaOtfC2slvpdlLa62GYoN8SxT23m6Q=="
  "resolved" "https://registry.npmmirror.com/esbuild/-/esbuild-0.15.18.tgz"
  "version" "0.15.18"
  optionalDependencies:
    "@esbuild/android-arm" "0.15.18"
    "@esbuild/linux-loong64" "0.15.18"
    "esbuild-android-64" "0.15.18"
    "esbuild-android-arm64" "0.15.18"
    "esbuild-darwin-64" "0.15.18"
    "esbuild-darwin-arm64" "0.15.18"
    "esbuild-freebsd-64" "0.15.18"
    "esbuild-freebsd-arm64" "0.15.18"
    "esbuild-linux-32" "0.15.18"
    "esbuild-linux-64" "0.15.18"
    "esbuild-linux-arm" "0.15.18"
    "esbuild-linux-arm64" "0.15.18"
    "esbuild-linux-mips64le" "0.15.18"
    "esbuild-linux-ppc64le" "0.15.18"
    "esbuild-linux-riscv64" "0.15.18"
    "esbuild-linux-s390x" "0.15.18"
    "esbuild-netbsd-64" "0.15.18"
    "esbuild-openbsd-64" "0.15.18"
    "esbuild-sunos-64" "0.15.18"
    "esbuild-windows-32" "0.15.18"
    "esbuild-windows-64" "0.15.18"
    "esbuild-windows-arm64" "0.15.18"

"estree-walker@^2.0.2":
  "integrity" "sha512-Rfkk/Mp/DL7JVje3u18FxFujQlTNR2q6QfMSMB7AvCBx91NGj/ba3kCfza0f6dVDbw7YlRf/nDrn7pQrCCyQ/w=="
  "resolved" "https://registry.npmmirror.com/estree-walker/-/estree-walker-2.0.2.tgz"
  "version" "2.0.2"

"fsevents@~2.3.2":
  "integrity" "sha512-5xoDfX+fL7faATnagmWPpbFtwh/R77WmMMqqHGS65C3vvB0YHrgF+B1YmZ3441tMj5n63k0212XNoJwzlhffQw=="
  "resolved" "https://registry.npmmirror.com/fsevents/-/fsevents-2.3.3.tgz"
  "version" "2.3.3"

"function-bind@^1.1.2":
  "integrity" "sha512-7XHNxH7qX9xG5mIwxkhumTox/MIRNcOgDrxWsMt2pAr23WHp6MrRlN7FBSFpCpr+oVO0F744iUgR82nJMfG2SA=="
  "resolved" "https://registry.npmmirror.com/function-bind/-/function-bind-1.1.2.tgz"
  "version" "1.1.2"

"get-intrinsic@^1.0.2", "get-intrinsic@^1.1.3", "get-intrinsic@^1.2.1", "get-intrinsic@^1.2.2":
  "integrity" "sha512-0gSo4ml/0j98Y3lngkFEot/zhiCeWsbYIlZ+uZOVgzLyLaUw7wxUL+nCTP0XJvJg1AXulJRI3UJi8GsbDuxdGA=="
  "resolved" "https://registry.npmjs.org/get-intrinsic/-/get-intrinsic-1.2.2.tgz"
  "version" "1.2.2"
  dependencies:
    "function-bind" "^1.1.2"
    "has-proto" "^1.0.1"
    "has-symbols" "^1.0.3"
    "hasown" "^2.0.0"

"gopd@^1.0.1":
  "integrity" "sha512-d65bNlIadxvpb/A2abVdlqKqV563juRnZ1Wtk6s1sIR8uNsXR70xqIzVqxVf1eTqDunwT2MkczEeaezCKTZhwA=="
  "resolved" "https://registry.npmjs.org/gopd/-/gopd-1.0.1.tgz"
  "version" "1.0.1"
  dependencies:
    "get-intrinsic" "^1.1.3"

"has-property-descriptors@^1.0.0":
  "integrity" "sha512-VsX8eaIewvas0xnvinAe9bw4WfIeODpGYikiWYLH+dma0Jw6KHYqWiWfhQlgOVK8D6PvjubK5Uc4P0iIhIcNVg=="
  "resolved" "https://registry.npmjs.org/has-property-descriptors/-/has-property-descriptors-1.0.1.tgz"
  "version" "1.0.1"
  dependencies:
    "get-intrinsic" "^1.2.2"

"has-proto@^1.0.1":
  "integrity" "sha512-7qE+iP+O+bgF9clE5+UoBFzE65mlBiVj3tKCrlNQ0Ogwm0BjpT/gK4SlLYDMybDh5I3TCTKnPPa0oMG7JDYrhg=="
  "resolved" "https://registry.npmjs.org/has-proto/-/has-proto-1.0.1.tgz"
  "version" "1.0.1"

"has-symbols@^1.0.3":
  "integrity" "sha512-l3LCuF6MgDNwTDKkdYGEihYjt5pRPbEg46rtlmnSPlUbgmB8LOIrKJbYYFBSbnPaJexMKtiPO8hmeRjRz2Td+A=="
  "resolved" "https://registry.npmjs.org/has-symbols/-/has-symbols-1.0.3.tgz"
  "version" "1.0.3"

"hasown@^2.0.0":
  "integrity" "sha512-vUptKVTpIJhcczKBbgnS+RtcuYMB8+oNzPK2/Hp3hanz8JmpATdmmgLgSaadVREkDm+e2giHwY3ZRkyjSIDDFA=="
  "resolved" "https://registry.npmmirror.com/hasown/-/hasown-2.0.0.tgz"
  "version" "2.0.0"
  dependencies:
    "function-bind" "^1.1.2"

"iconv-lite@^0.6.2":
  "integrity" "sha512-4fCk79wshMdzMp2rH06qWrJE4iolqLhCUH+OiuIgU++RB0+94NlDL81atO7GX55uUKueo0txHNtvEyI6D7WdMw=="
  "resolved" "https://registry.npmjs.org/iconv-lite/-/iconv-lite-0.6.3.tgz"
  "version" "0.6.3"
  dependencies:
    "safer-buffer" ">= 2.1.2 < 3.0.0"

"is-core-module@^2.13.0":
  "integrity" "sha512-hHrIjvZsftOsvKSn2TRYl63zvxsgE0K+0mYMoH6gD4omR5IWB2KynivBQczo3+wF1cCkjzvptnI9Q0sPU66ilw=="
  "resolved" "https://registry.npmmirror.com/is-core-module/-/is-core-module-2.13.1.tgz"
  "version" "2.13.1"
  dependencies:
    "hasown" "^2.0.0"

"is-plain-object@3.0.1":
  "integrity" "sha512-Xnpx182SBMrr/aBik8y+GuR4U1L9FqMSojwDQwPMmxyC6bvEqly9UBCxhauBF5vNh2gwWJNX6oDV7O+OM4z34g=="
  "resolved" "https://registry.npmmirror.com/is-plain-object/-/is-plain-object-3.0.1.tgz"
  "version" "3.0.1"

"is-stream@^1.0.1":
  "integrity" "sha512-uQPm8kcs47jx38atAcWTVxyltQYoPT68y9aWYdV6yWXSyW8mzSat0TL6CiWdZeCdF3KrAvpVtnHbTv4RN+rqdQ=="
  "resolved" "https://registry.npmjs.org/is-stream/-/is-stream-1.1.0.tgz"
  "version" "1.1.0"

"isomorphic-fetch@^2.2.1":
  "integrity" "sha512-9c4TNAKYXM5PRyVcwUZrF3W09nQ+sO7+jydgs4ZGW9dhsLG2VOlISJABombdQqQRXCwuYG3sYV/puGf5rp0qmA=="
  "resolved" "https://registry.npmjs.org/isomorphic-fetch/-/isomorphic-fetch-2.2.1.tgz"
  "version" "2.2.1"
  dependencies:
    "node-fetch" "^1.0.1"
    "whatwg-fetch" ">=0.10.0"

"js-tokens@^3.0.0 || ^4.0.0":
  "integrity" "sha512-RdJUflcE3cUzKiMqQgsCu06FPu9UdIJO0beYbPhHN4k6apgJtifcoCtT9bcxOpYBtpD2kCM6Sbzg4CausW/PKQ=="
  "resolved" "https://registry.npmmirror.com/js-tokens/-/js-tokens-4.0.0.tgz"
  "version" "4.0.0"

"lodash-es@^4.17.15":
  "integrity" "sha512-mKnC+QJ9pWVzv+C4/U3rRsHapFfHvQFoFB92e52xeyGMcX6/OlIl78je1u8vePzYZSkkogMPJ2yjxxsb89cxyw=="
  "resolved" "https://registry.npmmirror.com/lodash-es/-/lodash-es-4.17.21.tgz"
  "version" "4.17.21"

"lodash@^4.17.21":
  "integrity" "sha512-v2kDEe57lecTulaDIuNTPy3Ry4gLGJ6Z1O3vE1krgXZNrsQ+LFTGHVxVjcXPs17LhbZVGedAJv8XZ1tvj5FvSg=="
  "resolved" "https://registry.npmmirror.com/lodash/-/lodash-4.17.21.tgz"
  "version" "4.17.21"

"loose-envify@^1.0.0":
  "integrity" "sha512-lyuxPGr/Wfhrlem2CL/UcnUc1zcqKAImBDzukY7Y5F/yQiNdko6+fRLevlw1HgMySw7f611UIY408EtxRSoK3Q=="
  "resolved" "https://registry.npmmirror.com/loose-envify/-/loose-envify-1.4.0.tgz"
  "version" "1.4.0"
  dependencies:
    "js-tokens" "^3.0.0 || ^4.0.0"

"magic-string@^0.30.5":
  "integrity" "sha512-7xlpfBaQaP/T6Vh8MO/EqXSW5En6INHEvEXQiuff7Gku0PWjU3uf6w/j9o7O+SpB5fOAkrI5HeoNgwjEO0pFsA=="
  "resolved" "https://registry.npmmirror.com/magic-string/-/magic-string-0.30.5.tgz"
  "version" "0.30.5"
  dependencies:
    "@jridgewell/sourcemap-codec" "^1.4.15"

"nanoid@^3.3.7":
  "integrity" "sha512-eSRppjcPIatRIMC1U6UngP8XFcz8MQWGQdt1MTBQ7NaAmvXDfvNxbvWV3x2y6CdEUciCSsDHDQZbhYaB8QEo2g=="
  "resolved" "https://registry.npmmirror.com/nanoid/-/nanoid-3.3.7.tgz"
  "version" "3.3.7"

"nanopop@^2.1.0":
  "integrity" "sha512-fzN+T2K7/Ah25XU02MJkPZ5q4Tj5FpjmIYq4rvoHX4yb16HzFdCO6JxFFn5Y/oBhQ8no8fUZavnyIv9/+xkBBw=="
  "resolved" "https://registry.npmmirror.com/nanopop/-/nanopop-2.3.0.tgz"
  "version" "2.3.0"

"node-fetch@^1.0.1":
  "integrity" "sha512-NhZ4CsKx7cYm2vSrBAr2PvFOe6sWDf0UYLRqA6svUYg7+/TSfVAu49jYC4BvQ4Sms9SZgdqGBgroqfDhJdTyKQ=="
  "resolved" "https://registry.npmjs.org/node-fetch/-/node-fetch-1.7.3.tgz"
  "version" "1.7.3"
  dependencies:
    "encoding" "^0.1.11"
    "is-stream" "^1.0.1"

"object-inspect@^1.9.0":
  "integrity" "sha512-5qoj1RUiKOMsCCNLV1CBiPYE10sziTsnmNxkAI/rZhiD63CF7IqdFGC/XzjWjpSgLf0LxXX3bDFIh0E18f6UhQ=="
  "resolved" "https://registry.npmjs.org/object-inspect/-/object-inspect-1.13.1.tgz"
  "version" "1.13.1"

"path-parse@^1.0.7":
  "integrity" "sha512-LDJzPVEEEPR+y48z93A0Ed0yXb8pAByGWo/k5YYdYgpY2/2EsOsksJrq7lOHxryrVOn1ejG6oAp8ahvOIQD8sw=="
  "resolved" "https://registry.npmmirror.com/path-parse/-/path-parse-1.0.7.tgz"
  "version" "1.0.7"

"picocolors@^1.0.0":
  "integrity" "sha512-1fygroTLlHu66zi26VoTDv8yRgm0Fccecssto+MhsZ0D/DGW2sm8E8AjW7NU5VVTRt5GxbeZ5qBuJr+HyLYkjQ=="
  "resolved" "https://registry.npmmirror.com/picocolors/-/picocolors-1.0.0.tgz"
  "version" "1.0.0"

"postcss@^8.4.18", "postcss@^8.4.32":
  "integrity" "sha512-D/kj5JNu6oo2EIy+XL/26JEDTlIbB8hw85G8StOE6L74RQAVVP5rej6wxCNqyMbR4RkPfqvezVbPw81Ngd6Kcw=="
  "resolved" "https://registry.npmmirror.com/postcss/-/postcss-8.4.32.tgz"
  "version" "8.4.32"
  dependencies:
    "nanoid" "^3.3.7"
    "picocolors" "^1.0.0"
    "source-map-js" "^1.0.2"

"qs@^6.9.1":
  "integrity" "sha512-tDNIz22aBzCDxLtVH++VnTfzxlfeK5CbqohpSqpJgj1Wg/cQbStNAz3NuqCs5vV+pjBsK4x4pN9HlVh7rcYRiA=="
  "resolved" "https://registry.npmjs.org/qs/-/qs-6.11.2.tgz"
  "version" "6.11.2"
  dependencies:
    "side-channel" "^1.0.4"

"regenerator-runtime@^0.14.0":
  "integrity" "sha512-srw17NI0TUWHuGa5CFGGmhfNIeja30WMBfbslPNhf6JrqQlLN5gcrvig1oqPxiVaXb0oW0XRKtH6Nngs5lKCIA=="
  "resolved" "https://registry.npmmirror.com/regenerator-runtime/-/regenerator-runtime-0.14.0.tgz"
  "version" "0.14.0"

"resize-observer-polyfill@^1.5.1":
  "integrity" "sha512-LwZrotdHOo12nQuZlHEmtuXdqGoOD0OhaxopaNFxWzInpEgaLWoVuAMbTzixuosCx2nEG58ngzW3vxdWoxIgdg=="
  "resolved" "https://registry.npmmirror.com/resize-observer-polyfill/-/resize-observer-polyfill-1.5.1.tgz"
  "version" "1.5.1"

"resolve@^1.22.1":
  "integrity" "sha512-oKWePCxqpd6FlLvGV1VU0x7bkPmmCNolxzjMf4NczoDnQcIWrAF+cPtZn5i6n+RfD2d9i0tzpKnG6Yk168yIyw=="
  "resolved" "https://registry.npmmirror.com/resolve/-/resolve-1.22.8.tgz"
  "version" "1.22.8"
  dependencies:
    "is-core-module" "^2.13.0"
    "path-parse" "^1.0.7"
    "supports-preserve-symlinks-flag" "^1.0.0"

"rollup@^2.79.1":
  "integrity" "sha512-uKxbd0IhMZOhjAiD5oAFp7BqvkA4Dv47qpOCtaNvng4HBwdbWtdOh8f5nZNuk2rp51PMGk3bzfWu5oayNEuYnw=="
  "resolved" "https://registry.npmmirror.com/rollup/-/rollup-2.79.1.tgz"
  "version" "2.79.1"
  optionalDependencies:
    "fsevents" "~2.3.2"

"safer-buffer@>= 2.1.2 < 3.0.0":
  "integrity" "sha512-YZo3K82SD7Riyi0E1EQPojLz7kpepnSQI9IyPbHHg1XXXevb5dJI7tpyN2ADxGcQbHG7vcyRHk0cbwqcQriUtg=="
  "resolved" "https://registry.npmjs.org/safer-buffer/-/safer-buffer-2.1.2.tgz"
  "version" "2.1.2"

"scroll-into-view-if-needed@^2.2.25":
  "integrity" "sha512-dGCXy99wZQivjmjIqihaBQNjryrz5rueJY7eHfTdyWEiR4ttYpsajb14rn9s5d4DY4EcY6+4+U/maARBXJedkA=="
  "resolved" "https://registry.npmmirror.com/scroll-into-view-if-needed/-/scroll-into-view-if-needed-2.2.31.tgz"
  "version" "2.2.31"
  dependencies:
    "compute-scroll-into-view" "^1.0.20"

"set-function-length@^1.1.1":
  "integrity" "sha512-VoaqjbBJKiWtg4yRcKBQ7g7wnGnLV3M8oLvVWwOk2PdYY6PEFegR1vezXR0tw6fZGF9csVakIRjrJiy2veSBFQ=="
  "resolved" "https://registry.npmjs.org/set-function-length/-/set-function-length-1.1.1.tgz"
  "version" "1.1.1"
  dependencies:
    "define-data-property" "^1.1.1"
    "get-intrinsic" "^1.2.1"
    "gopd" "^1.0.1"
    "has-property-descriptors" "^1.0.0"

"shallow-equal@^1.0.0":
  "integrity" "sha512-S4vJDjHHMBaiZuT9NPb616CSmLf618jawtv3sufLl6ivK8WocjAo58cXwbRV1cgqxH0Qbv+iUt6m05eqEa2IRA=="
  "resolved" "https://registry.npmmirror.com/shallow-equal/-/shallow-equal-1.2.1.tgz"
  "version" "1.2.1"

"side-channel@^1.0.4":
  "integrity" "sha512-q5XPytqFEIKHkGdiMIrY10mvLRvnQh42/+GoBlFW3b2LXLE2xxJpZFdm94we0BaoV3RwJyGqg5wS7epxTv0Zvw=="
  "resolved" "https://registry.npmjs.org/side-channel/-/side-channel-1.0.4.tgz"
  "version" "1.0.4"
  dependencies:
    "call-bind" "^1.0.0"
    "get-intrinsic" "^1.0.2"
    "object-inspect" "^1.9.0"

"source-map-js@^1.0.2":
  "integrity" "sha512-R0XvVJ9WusLiqTCEiGCmICCMplcCkIwwR11mOSD9CR5u+IXYdiseeEuXCVAjS54zqwkLcPNnmU4OeJ6tUrWhDw=="
  "resolved" "https://registry.npmmirror.com/source-map-js/-/source-map-js-1.0.2.tgz"
  "version" "1.0.2"

"stylis@^4.1.3":
  "integrity" "sha512-E87pIogpwUsUwXw7dNyU4QDjdgVMy52m+XEOPEKUn161cCzWjjhPSQhByfd1CcNvrOLnXQ6OnnZDwnJrz/Z4YQ=="
  "resolved" "https://registry.npmmirror.com/stylis/-/stylis-4.3.0.tgz"
  "version" "4.3.0"

"supports-preserve-symlinks-flag@^1.0.0":
  "integrity" "sha512-ot0WnXS9fgdkgIcePe6RHNk1WA8+muPa6cSjeR3V8K27q9BB1rTE3R1p7Hv0z1ZyAc8s6Vvv8DIyWf681MAt0w=="
  "resolved" "https://registry.npmmirror.com/supports-preserve-symlinks-flag/-/supports-preserve-symlinks-flag-1.0.0.tgz"
  "version" "1.0.0"

"throttle-debounce@^5.0.0":
  "integrity" "sha512-2iQTSgkkc1Zyk0MeVrt/3BvuOXYPl/R8Z0U2xxo9rjwNciaHDG3R+Lm6dh4EeUci49DanvBnuqI6jshoQQRGEg=="
  "resolved" "https://registry.npmmirror.com/throttle-debounce/-/throttle-debounce-5.0.0.tgz"
  "version" "5.0.0"

"umi-request@^1.4.0":
  "integrity" "sha512-OknwtQZddZHi0Ggi+Vr/olJ7HNMx4AzlywyK0W3NZBT7B0stjeZ9lcztA85dBgdAj3KVk8uPJPZSnGaDjELhrA=="
  "resolved" "https://registry.npmjs.org/umi-request/-/umi-request-1.4.0.tgz"
  "version" "1.4.0"
  dependencies:
    "isomorphic-fetch" "^2.2.1"
    "qs" "^6.9.1"

"vite@^3.0.0", "vite@^3.0.7":
  "integrity" "sha512-29pdXjk49xAP0QBr0xXqu2s5jiQIXNvE/xwd0vUizYT2Hzqe4BksNNoWllFVXJf4eLZ+UlVQmXfB4lWrc+t18g=="
  "resolved" "https://registry.npmmirror.com/vite/-/vite-3.2.7.tgz"
  "version" "3.2.7"
  dependencies:
    "esbuild" "^0.15.9"
    "postcss" "^8.4.18"
    "resolve" "^1.22.1"
    "rollup" "^2.79.1"
  optionalDependencies:
    "fsevents" "~2.3.2"

"vue-types@^3.0.0":
  "integrity" "sha512-IwUC0Aq2zwaXqy74h4WCvFCUtoV0iSWr0snWnE9TnU18S66GAQyqQbRf2qfJtUuiFsBf6qp0MEwdonlwznlcrw=="
  "resolved" "https://registry.npmmirror.com/vue-types/-/vue-types-3.0.2.tgz"
  "version" "3.0.2"
  dependencies:
    "is-plain-object" "3.0.1"

"vue@^3.0.0", "vue@^3.2.25", "vue@^3.2.37", "vue@>=3.0.3", "vue@>=3.2.0", "vue@3.3.11":
  "integrity" "sha512-d4oBctG92CRO1cQfVBZp6WJAs0n8AK4Xf5fNjQCBeKCvMI1efGQ5E3Alt1slFJS9fZuPcFoiAiqFvQlv1X7t/w=="
  "resolved" "https://registry.npmmirror.com/vue/-/vue-3.3.11.tgz"
  "version" "3.3.11"
  dependencies:
    "@vue/compiler-dom" "3.3.11"
    "@vue/compiler-sfc" "3.3.11"
    "@vue/runtime-dom" "3.3.11"
    "@vue/server-renderer" "3.3.11"
    "@vue/shared" "3.3.11"

"warning@^4.0.0":
  "integrity" "sha512-rpJyN222KWIvHJ/F53XSZv0Zl/accqHR8et1kpaMTD/fLCRxtV8iX8czMzY7sVZupTI3zcUTg8eycS2kNF9l6w=="
  "resolved" "https://registry.npmmirror.com/warning/-/warning-4.0.3.tgz"
  "version" "4.0.3"
  dependencies:
    "loose-envify" "^1.0.0"

"whatwg-fetch@>=0.10.0":
  "integrity" "sha512-d67JP4dHSbm2TrpFj8AbO8DnL1JXL5J9u0Kq2xW6d0TFDbCA3Muhdt8orXC22utleTVj7Prqt82baN6RBvnEgw=="
  "resolved" "https://registry.npmjs.org/whatwg-fetch/-/whatwg-fetch-3.6.19.tgz"
  "version" "3.6.19"
